{
  "object": {
    "pins": [
      {
        "package": "librlottie",
        "repositoryURL": "https://github.com/SDWebImage/librlottie-Xcode.git",
        "state": {
          "branch": null,
          "revision": "30277114e26bc005b1577194d6649adc2042eb41",
          "version": "0.1.1"
        }
      },
      {
        "package": "SDWebImage",
        "repositoryURL": "https://github.com/SDWebImage/SDWebImage.git",
        "state": {
          "branch": null,
          "revision": "aa7cc070ccf01ce6ea85dd0b3176f712ac23ea1a",
          "version": "5.6.0"
        }
      }
    ]
  },
  "version": 1
}
